
Microsoft Visual Studio Solution File, Format Version 12.00
# Visual Studio 15
Project("{FAE04EC0-301F-11D3-BF4B-00C04F79EFBC}") = "Unity.StarterAssets", "Unity.StarterAssets.csproj", "{27FB0B0E-2F55-6FB9-E569-B36D34C5235D}"
EndProject
Project("{FAE04EC0-301F-11D3-BF4B-00C04F79EFBC}") = "IngameDebugConsole.Runtime", "IngameDebugConsole.Runtime.csproj", "{CDE1C319-9E5B-BD0C-E295-6EE4CE79451C}"
EndProject
Project("{FAE04EC0-301F-11D3-BF4B-00C04F79EFBC}") = "Assembly-CSharp", "Assembly-CSharp.csproj", "{B109D0EF-3553-B425-418F-BE29BA44CE4E}"
EndProject
Project("{FAE04EC0-301F-11D3-BF4B-00C04F79EFBC}") = "Unity.StarterAssets.Editor", "Unity.StarterAssets.Editor.csproj", "{1CC33078-F347-8A38-F1B7-1DB5B19BB6BC}"
EndProject
Project("{FAE04EC0-301F-11D3-BF4B-00C04F79EFBC}") = "Assembly-CSharp-Editor", "Assembly-CSharp-Editor.csproj", "{70E7BAAC-4716-36E4-0869-0F3DA34B5D0D}"
EndProject
Project("{FAE04EC0-301F-11D3-BF4B-00C04F79EFBC}") = "URPWizard", "URPWizard.csproj", "{22B57035-D4EB-223A-55C3-DFBBBE199E82}"
EndProject
Project("{FAE04EC0-301F-11D3-BF4B-00C04F79EFBC}") = "IngameDebugConsole.Editor", "IngameDebugConsole.Editor.csproj", "{26A80426-CAB1-6E31-4640-1CBE0061A81C}"
EndProject
Global
	GlobalSection(SolutionConfigurationPlatforms) = preSolution
		Debug|Any CPU = Debug|Any CPU
		Release|Any CPU = Release|Any CPU
	EndGlobalSection
	GlobalSection(ProjectConfigurationPlatforms) = postSolution
		{27FB0B0E-2F55-6FB9-E569-B36D34C5235D}.Debug|Any CPU.ActiveCfg = Debug|Any CPU
		{27FB0B0E-2F55-6FB9-E569-B36D34C5235D}.Debug|Any CPU.Build.0 = Debug|Any CPU
		{27FB0B0E-2F55-6FB9-E569-B36D34C5235D}.Release|Any CPU.ActiveCfg = Release|Any CPU
		{27FB0B0E-2F55-6FB9-E569-B36D34C5235D}.Release|Any CPU.Build.0 = Release|Any CPU
		{CDE1C319-9E5B-BD0C-E295-6EE4CE79451C}.Debug|Any CPU.ActiveCfg = Debug|Any CPU
		{CDE1C319-9E5B-BD0C-E295-6EE4CE79451C}.Debug|Any CPU.Build.0 = Debug|Any CPU
		{CDE1C319-9E5B-BD0C-E295-6EE4CE79451C}.Release|Any CPU.ActiveCfg = Release|Any CPU
		{CDE1C319-9E5B-BD0C-E295-6EE4CE79451C}.Release|Any CPU.Build.0 = Release|Any CPU
		{B109D0EF-3553-B425-418F-BE29BA44CE4E}.Debug|Any CPU.ActiveCfg = Debug|Any CPU
		{B109D0EF-3553-B425-418F-BE29BA44CE4E}.Debug|Any CPU.Build.0 = Debug|Any CPU
		{B109D0EF-3553-B425-418F-BE29BA44CE4E}.Release|Any CPU.ActiveCfg = Release|Any CPU
		{B109D0EF-3553-B425-418F-BE29BA44CE4E}.Release|Any CPU.Build.0 = Release|Any CPU
		{1CC33078-F347-8A38-F1B7-1DB5B19BB6BC}.Debug|Any CPU.ActiveCfg = Debug|Any CPU
		{1CC33078-F347-8A38-F1B7-1DB5B19BB6BC}.Debug|Any CPU.Build.0 = Debug|Any CPU
		{1CC33078-F347-8A38-F1B7-1DB5B19BB6BC}.Release|Any CPU.ActiveCfg = Release|Any CPU
		{1CC33078-F347-8A38-F1B7-1DB5B19BB6BC}.Release|Any CPU.Build.0 = Release|Any CPU
		{70E7BAAC-4716-36E4-0869-0F3DA34B5D0D}.Debug|Any CPU.ActiveCfg = Debug|Any CPU
		{70E7BAAC-4716-36E4-0869-0F3DA34B5D0D}.Debug|Any CPU.Build.0 = Debug|Any CPU
		{70E7BAAC-4716-36E4-0869-0F3DA34B5D0D}.Release|Any CPU.ActiveCfg = Release|Any CPU
		{70E7BAAC-4716-36E4-0869-0F3DA34B5D0D}.Release|Any CPU.Build.0 = Release|Any CPU
		{22B57035-D4EB-223A-55C3-DFBBBE199E82}.Debug|Any CPU.ActiveCfg = Debug|Any CPU
		{22B57035-D4EB-223A-55C3-DFBBBE199E82}.Debug|Any CPU.Build.0 = Debug|Any CPU
		{22B57035-D4EB-223A-55C3-DFBBBE199E82}.Release|Any CPU.ActiveCfg = Release|Any CPU
		{22B57035-D4EB-223A-55C3-DFBBBE199E82}.Release|Any CPU.Build.0 = Release|Any CPU
		{26A80426-CAB1-6E31-4640-1CBE0061A81C}.Debug|Any CPU.ActiveCfg = Debug|Any CPU
		{26A80426-CAB1-6E31-4640-1CBE0061A81C}.Debug|Any CPU.Build.0 = Debug|Any CPU
		{26A80426-CAB1-6E31-4640-1CBE0061A81C}.Release|Any CPU.ActiveCfg = Release|Any CPU
		{26A80426-CAB1-6E31-4640-1CBE0061A81C}.Release|Any CPU.Build.0 = Release|Any CPU
	EndGlobalSection
	GlobalSection(SolutionProperties) = preSolution
		HideSolutionNode = FALSE
	EndGlobalSection
EndGlobal
